
Microsoft Visual Studio Solution File, Format Version 12.00
# Visual Studio Version 16
VisualStudioVersion = 16.0.29418.71
MinimumVisualStudioVersion = 10.0.40219.1
Project("{FAE04EC0-301F-11D3-BF4B-00C04F79EFBC}") = "G2G_LIB", "G2G_LIB\G2G_LIB.csproj", "{BD6255A2-3BAF-4D4A-ADA6-AAA8886FD6BE}"
EndProject
Project("{FAE04EC0-301F-11D3-BF4B-00C04F79EFBC}") = "TestApp", "TestApp\TestApp.csproj", "{B891462E-6347-41F2-9C82-E34625D746E5}"
EndProject
Project("{FAE04EC0-301F-11D3-BF4B-00C04F79EFBC}") = "TestWebApp", "TestWebApp\TestWebApp.csproj", "{F97B16B0-BBC2-4B56-BE87-73C00398B3DD}"
EndProject
Project("{FAE04EC0-301F-11D3-BF4B-00C04F79EFBC}") = "DisbursementDashboard", "DisbursementDashboard\DisbursementDashboard.csproj", "{3A179B7B-30B0-41F7-8D72-81DC1FDD160E}"
EndProject
Global
	GlobalSection(SolutionConfigurationPlatforms) = preSolution
		Debug|Any CPU = Debug|Any CPU
		Release|Any CPU = Release|Any CPU
	EndGlobalSection
	GlobalSection(ProjectConfigurationPlatforms) = postSolution
		{BD6255A2-3BAF-4D4A-ADA6-AAA8886FD6BE}.Debug|Any CPU.ActiveCfg = Debug|Any CPU
		{BD6255A2-3BAF-4D4A-ADA6-AAA8886FD6BE}.Debug|Any CPU.Build.0 = Debug|Any CPU
		{BD6255A2-3BAF-4D4A-ADA6-AAA8886FD6BE}.Release|Any CPU.ActiveCfg = Release|Any CPU
		{BD6255A2-3BAF-4D4A-ADA6-AAA8886FD6BE}.Release|Any CPU.Build.0 = Release|Any CPU
		{B891462E-6347-41F2-9C82-E34625D746E5}.Debug|Any CPU.ActiveCfg = Debug|Any CPU
		{B891462E-6347-41F2-9C82-E34625D746E5}.Debug|Any CPU.Build.0 = Debug|Any CPU
		{B891462E-6347-41F2-9C82-E34625D746E5}.Release|Any CPU.ActiveCfg = Release|Any CPU
		{B891462E-6347-41F2-9C82-E34625D746E5}.Release|Any CPU.Build.0 = Release|Any CPU
		{F97B16B0-BBC2-4B56-BE87-73C00398B3DD}.Debug|Any CPU.ActiveCfg = Debug|Any CPU
		{F97B16B0-BBC2-4B56-BE87-73C00398B3DD}.Debug|Any CPU.Build.0 = Debug|Any CPU
		{F97B16B0-BBC2-4B56-BE87-73C00398B3DD}.Release|Any CPU.ActiveCfg = Release|Any CPU
		{F97B16B0-BBC2-4B56-BE87-73C00398B3DD}.Release|Any CPU.Build.0 = Release|Any CPU
		{3A179B7B-30B0-41F7-8D72-81DC1FDD160E}.Debug|Any CPU.ActiveCfg = Debug|Any CPU
		{3A179B7B-30B0-41F7-8D72-81DC1FDD160E}.Debug|Any CPU.Build.0 = Debug|Any CPU
		{3A179B7B-30B0-41F7-8D72-81DC1FDD160E}.Release|Any CPU.ActiveCfg = Release|Any CPU
		{3A179B7B-30B0-41F7-8D72-81DC1FDD160E}.Release|Any CPU.Build.0 = Release|Any CPU
	EndGlobalSection
	GlobalSection(SolutionProperties) = preSolution
		HideSolutionNode = FALSE
	EndGlobalSection
	GlobalSection(ExtensibilityGlobals) = postSolution
		SolutionGuid = {69546212-CBD8-4F4B-A2D4-B2260040333D}
	EndGlobalSection
EndGlobal
